// !$*UTF8*$!
{
	archiveVersion = 1;
	classes = {
	};
	objectVersion = 50;
	objects = {

/* Begin PBXBuildFile section */
		CD0D1FDF24308C240046E8D3 /* Home.swift in Sources */ = {isa = PBXBuildFile; fileRef = CD0D1FDE24308C240046E8D3 /* Home.swift */; };
		CD0D1FE12430C6580046E8D3 /* HomeList.swift in Sources */ = {isa = PBXBuildFile; fileRef = CD0D1FE02430C6580046E8D3 /* HomeList.swift */; };
		CD882F7B242E2D04008260D3 /* AppDelegate.swift in Sources */ = {isa = PBXBuildFile; fileRef = CD882F7A242E2D04008260D3 /* AppDelegate.swift */; };
		CD882F7D242E2D04008260D3 /* SceneDelegate.swift in Sources */ = {isa = PBXBuildFile; fileRef = CD882F7C242E2D04008260D3 /* SceneDelegate.swift */; };
		CD882F7F242E2D04008260D3 /* ContentView.swift in Sources */ = {isa = PBXBuildFile; fileRef = CD882F7E242E2D04008260D3 /* ContentView.swift */; };
		CD882F81242E2D05008260D3 /* Assets.xcassets in Resources */ = {isa = PBXBuildFile; fileRef = CD882F80242E2D05008260D3 /* Assets.xcassets */; };
		CD882F84242E2D05008260D3 /* Preview Assets.xcassets in Resources */ = {isa = PBXBuildFile; fileRef = CD882F83242E2D05008260D3 /* Preview Assets.xcassets */; };
		CD882F87242E2D05008260D3 /* LaunchScreen.storyboard in Resources */ = {isa = PBXBuildFile; fileRef = CD882F85242E2D05008260D3 /* LaunchScreen.storyboard */; };
/* End PBXBuildFile section */

/* Begin PBXFileReference section */
		CD0D1FDE24308C240046E8D3 /* Home.swift */ = {isa = PBXFileReference; lastKnownFileType = sourcecode.swift; path = Home.swift; sourceTree = "<group>"; };
		CD0D1FE02430C6580046E8D3 /* HomeList.swift */ = {isa = PBXFileReference; lastKnownFileType = sourcecode.swift; path = HomeList.swift; sourceTree = "<group>"; };
		CD882F77242E2D04008260D3 /* DesignCode.app */ = {isa = PBXFileReference; explicitFileType = wrapper.application; includeInIndex = 0; path = DesignCode.app; sourceTree = BUILT_PRODUCTS_DIR; };
		CD882F7A242E2D04008260D3 /* AppDelegate.swift */ = {isa = PBXFileReference; lastKnownFileType = sourcecode.swift; path = AppDelegate.swift; sourceTree = "<group>"; };
		CD882F7C242E2D04008260D3 /* SceneDelegate.swift */ = {isa = PBXFileReference; lastKnownFileType = sourcecode.swift; path = SceneDelegate.swift; sourceTree = "<group>"; };
		CD882F7E242E2D04008260D3 /* ContentView.swift */ = {isa = PBXFileReference; lastKnownFileType = sourcecode.swift; path = ContentView.swift; sourceTree = "<group>"; };
		CD882F80242E2D05008260D3 /* Assets.xcassets */ = {isa = PBXFileReference; lastKnownFileType = folder.assetcatalog; path = Assets.xcassets; sourceTree = "<group>"; };
		CD882F83242E2D05008260D3 /* Preview Assets.xcassets */ = {isa = PBXFileReference; lastKnownFileType = folder.assetcatalog; path = "Preview Assets.xcassets"; sourceTree = "<group>"; };
		CD882F86242E2D05008260D3 /* Base */ = {isa = PBXFileReference; lastKnownFileType = file.storyboard; name = Base; path = Base.lproj/LaunchScreen.storyboard; sourceTree = "<group>"; };
		CD882F88242E2D05008260D3 /* Info.plist */ = {isa = PBXFileReference; lastKnownFileType = text.plist.xml; path = Info.plist; sourceTree = "<group>"; };
/* End PBXFileReference section */

/* Begin PBXFrameworksBuildPhase section */
		CD882F74242E2D04008260D3 /* Frameworks */ = {
			isa = PBXFrameworksBuildPhase;
			buildActionMask = 2147483647;
			files = (
			);
			runOnlyForDeploymentPostprocessing = 0;
		};
/* End PBXFrameworksBuildPhase section */

/* Begin PBXGroup section */
		CD882F6E242E2D04008260D3 = {
			isa = PBXGroup;
			children = (
				CD882F79242E2D04008260D3 /* DesignCode */,
				CD882F78242E2D04008260D3 /* Products */,
			);
			sourceTree = "<group>";
		};
		CD882F78242E2D04008260D3 /* Products */ = {
			isa = PBXGroup;
			children = (
				CD882F77242E2D04008260D3 /* DesignCode.app */,
			);
			name = Products;
			sourceTree = "<group>";
		};
		CD882F79242E2D04008260D3 /* DesignCode */ = {
			isa = PBXGroup;
			children = (
				CD882F7A242E2D04008260D3 /* AppDelegate.swift */,
				CD882F7C242E2D04008260D3 /* SceneDelegate.swift */,
				CD882F7E242E2D04008260D3 /* ContentView.swift */,
				CD0D1FDE24308C240046E8D3 /* Home.swift */,
				CD0D1FE02430C6580046E8D3 /* HomeList.swift */,
				CD882F80242E2D05008260D3 /* Assets.xcassets */,
				CD882F85242E2D05008260D3 /* LaunchScreen.storyboard */,
				CD882F88242E2D05008260D3 /* Info.plist */,
				CD882F82242E2D05008260D3 /* Preview Content */,
			);
			path = DesignCode;
			sourceTree = "<group>";
		};
		CD882F82242E2D05008260D3 /* Preview Content */ = {
			isa = PBXGroup;
			children = (
				CD882F83242E2D05008260D3 /* Preview Assets.xcassets */,
			);
			path = "Preview Content";
			sourceTree = "<group>";
		};
/* End PBXGroup section */

/* Begin PBXNativeTarget section */
		CD882F76242E2D04008260D3 /* DesignCode */ = {
			isa = PBXNativeTarget;
			buildConfigurationList = CD882F8B242E2D05008260D3 /* Build configuration list for PBXNativeTarget "DesignCode" */;
			buildPhases = (
				CD882F73242E2D04008260D3 /* Sources */,
				CD882F74242E2D04008260D3 /* Frameworks */,
				CD882F75242E2D04008260D3 /* Resources */,
			);
			buildRules = (
			);
			dependencies = (
			);
			name = DesignCode;
			productName = DesignCode;
			productReference = CD882F77242E2D04008260D3 /* DesignCode.app */;
			productType = "com.apple.product-type.application";
		};
/* End PBXNativeTarget section */

/* Begin PBXProject section */
		CD882F6F242E2D04008260D3 /* Project object */ = {
			isa = PBXProject;
			attributes = {
				LastSwiftUpdateCheck = 1130;
				LastUpgradeCheck = 1130;
				ORGANIZATIONNAME = liuyang;
				TargetAttributes = {
					CD882F76242E2D04008260D3 = {
						CreatedOnToolsVersion = 11.3.1;
					};
				};
			};
			buildConfigurationList = CD882F72242E2D04008260D3 /* Build configuration list for PBXProject "DesignCode" */;
			compatibilityVersion = "Xcode 9.3";
			developmentRegion = en;
			hasScannedForEncodings = 0;
			knownRegions = (
				en,
				Base,
			);
			mainGroup = CD882F6E242E2D04008260D3;
			productRefGroup = CD882F78242E2D04008260D3 /* Products */;
			projectDirPath = "";
			projectRoot = "";
			targets = (
				CD882F76242E2D04008260D3 /* DesignCode */,
			);
		};
/* End PBXProject section */

/* Begin PBXResourcesBuildPhase section */
		CD882F75242E2D04008260D3 /* Resources */ = {
			isa = PBXResourcesBuildPhase;
			buildActionMask = 2147483647;
			files = (
				CD882F87242E2D05008260D3 /* LaunchScreen.storyboard in Resources */,
				CD882F84242E2D05008260D3 /* Preview Assets.xcassets in Resources */,
				CD882F81242E2D05008260D3 /* Assets.xcassets in Resources */,
			);
			runOnlyForDeploymentPostprocessing = 0;
		};
/* End PBXResourcesBuildPhase section */

/* Begin PBXSourcesBuildPhase section */
		CD882F73242E2D04008260D3 /* Sources */ = {
			isa = PBXSourcesBuildPhase;
			buildActionMask = 2147483647;
			files = (
				CD882F7B242E2D04008260D3 /* AppDelegate.swift in Sources */,
				CD0D1FE12430C6580046E8D3 /* HomeList.swift in Sources */,
				CD882F7D242E2D04008260D3 /* SceneDelegate.swift in Sources */,
				CD0D1FDF24308C240046E8D3 /* Home.swift in Sources */,
				CD882F7F242E2D04008260D3 /* ContentView.swift in Sources */,
			);
			runOnlyForDeploymentPostprocessing = 0;
		};
/* End PBXSourcesBuildPhase section */

/* Begin PBXVariantGroup section */
		CD882F85242E2D05008260D3 /* LaunchScreen.storyboard */ = {
			isa = PBXVariantGroup;
			children = (
				CD882F86242E2D05008260D3 /* Base */,
			);
			name = LaunchScreen.storyboard;
			sourceTree = "<group>";
		};
/* End PBXVariantGroup section */

/* Begin XCBuildConfiguration section */
		CD882F89242E2D05008260D3 /* Debug */ = {
			isa = XCBuildConfiguration;
			buildSettings = {
				ALWAYS_SEARCH_USER_PATHS = NO;
				CLANG_ANALYZER_NONNULL = YES;
				CLANG_ANALYZER_NUMBER_OBJECT_CONVERSION = YES_AGGRESSIVE;
				CLANG_CXX_LANGUAGE_STANDARD = "gnu++14";
				CLANG_CXX_LIBRARY = "libc++";
				CLANG_ENABLE_MODULES = YES;
				CLANG_ENABLE_OBJC_ARC = YES;
				CLANG_ENABLE_OBJC_WEAK = YES;
				CLANG_WARN_BLOCK_CAPTURE_AUTORELEASING = YES;
				CLANG_WARN_BOOL_CONVERSION = YES;
				CLANG_WARN_COMMA = YES;
				CLANG_WARN_CONSTANT_CONVERSION = YES;
				CLANG_WARN_DEPRECATED_OBJC_IMPLEMENTATIONS = YES;
				CLANG_WARN_DIRECT_OBJC_ISA_USAGE = YES_ERROR;
				CLANG_WARN_DOCUMENTATION_COMMENTS = YES;
				CLANG_WARN_EMPTY_BODY = YES;
				CLANG_WARN_ENUM_CONVERSION = YES;
				CLANG_WARN_INFINITE_RECURSION = YES;
				CLANG_WARN_INT_CONVERSION = YES;
				CLANG_WARN_NON_LITERAL_NULL_CONVERSION = YES;
				CLANG_WARN_OBJC_IMPLICIT_RETAIN_SELF = YES;
				CLANG_WARN_OBJC_LITERAL_CONVERSION = YES;
				CLANG_WARN_OBJC_ROOT_CLASS = YES_ERROR;
				CLANG_WARN_RANGE_LOOP_ANALYSIS = YES;
				CLANG_WARN_STRICT_PROTOTYPES = YES;
				CLANG_WARN_SUSPICIOUS_MOVE = YES;
				CLANG_WARN_UNGUARDED_AVAILABILITY = YES_AGGRESSIVE;
				CLANG_WARN_UNREACHABLE_CODE = YES;
				CLANG_WARN__DUPLICATE_METHOD_MATCH = YES;
				COPY_PHASE_STRIP = NO;
				DEBUG_INFORMATION_FORMAT = dwarf;
				ENABLE_STRICT_OBJC_MSGSEND = YES;
				ENABLE_TESTABILITY = YES;
				GCC_C_LANGUAGE_STANDARD = gnu11;
				GCC_DYNAMIC_NO_PIC = NO;
				GCC_NO_COMMON_BLOCKS = YES;
				GCC_OPTIMIZATION_LEVEL = 0;
				GCC_PREPROCESSOR_DEFINITIONS = (
					"DEBUG=1",
					"$(inherited)",
				);
				GCC_WARN_64_TO_32_BIT_CONVERSION = YES;
				GCC_WARN_ABOUT_RETURN_TYPE = YES_ERROR;
				GCC_WARN_UNDECLARED_SELECTOR = YES;
				GCC_WARN_UNINITIALIZED_AUTOS = YES_AGGRESSIVE;
				GCC_WARN_UNUSED_FUNCTION = YES;
				GCC_WARN_UNUSED_VARIABLE = YES;
				IPHONEOS_DEPLOYMENT_TARGET = 13.2;
				MTL_ENABLE_DEBUG_INFO = INCLUDE_SOURCE;
				MTL_FAST_MATH = YES;
				ONLY_ACTIVE_ARCH = YES;
				SDKROOT = iphoneos;
				SWIFT_ACTIVE_COMPILATION_CONDITIONS = DEBUG;
				SWIFT_OPTIMIZATION_LEVEL = "-Onone";
			};
			name = Debug;
		};
		CD882F8A242E2D05008260D3 /* Release */ = {
			isa = XCBuildConfiguration;
			buildSettings = {
				ALWAYS_SEARCH_USER_PATHS = NO;
				CLANG_ANALYZER_NONNULL = YES;
				CLANG_ANALYZER_NUMBER_OBJECT_CONVERSION = YES_AGGRESSIVE;
				CLANG_CXX_LANGUAGE_STANDARD = "gnu++14";
				CLANG_CXX_LIBRARY = "libc++";
				CLANG_ENABLE_MODULES = YES;
				CLANG_ENABLE_OBJC_ARC = YES;
				CLANG_ENABLE_OBJC_WEAK = YES;
				CLANG_WARN_BLOCK_CAPTURE_AUTORELEASING = YES;
				CLANG_WARN_BOOL_CONVERSION = YES;
				CLANG_WARN_COMMA = YES;
				CLANG_WARN_CONSTANT_CONVERSION = YES;
				CLANG_WARN_DEPRECATED_OBJC_IMPLEMENTATIONS = YES;
				CLANG_WARN_DIRECT_OBJC_ISA_USAGE = YES_ERROR;
				CLANG_WARN_DOCUMENTATION_COMMENTS = YES;
				CLANG_WARN_EMPTY_BODY = YES;
				CLANG_WARN_ENUM_CONVERSION = YES;
				CLANG_WARN_INFINITE_RECURSION = YES;
				CLANG_WARN_INT_CONVERSION = YES;
				CLANG_WARN_NON_LITERAL_NULL_CONVERSION = YES;
				CLANG_WARN_OBJC_IMPLICIT_RETAIN_SELF = YES;
				CLANG_WARN_OBJC_LITERAL_CONVERSION = YES;
				CLANG_WARN_OBJC_ROOT_CLASS = YES_ERROR;
				CLANG_WARN_RANGE_LOOP_ANALYSIS = YES;
				CLANG_WARN_STRICT_PROTOTYPES = YES;
				CLANG_WARN_SUSPICIOUS_MOVE = YES;
				CLANG_WARN_UNGUARDED_AVAILABILITY = YES_AGGRESSIVE;
				CLANG_WARN_UNREACHABLE_CODE = YES;
				CLANG_WARN__DUPLICATE_METHOD_MATCH = YES;
				COPY_PHASE_STRIP = NO;
				DEBUG_INFORMATION_FORMAT = "dwarf-with-dsym";
				ENABLE_NS_ASSERTIONS = NO;
				ENABLE_STRICT_OBJC_MSGSEND = YES;
				GCC_C_LANGUAGE_STANDARD = gnu11;
				GCC_NO_COMMON_BLOCKS = YES;
				GCC_WARN_64_TO_32_BIT_CONVERSION = YES;
				GCC_WARN_ABOUT_RETURN_TYPE = YES_ERROR;
				GCC_WARN_UNDECLARED_SELECTOR = YES;
				GCC_WARN_UNINITIALIZED_AUTOS = YES_AGGRESSIVE;
				GCC_WARN_UNUSED_FUNCTION = YES;
				GCC_WARN_UNUSED_VARIABLE = YES;
				IPHONEOS_DEPLOYMENT_TARGET = 13.2;
				MTL_ENABLE_DEBUG_INFO = NO;
				MTL_FAST_MATH = YES;
				SDKROOT = iphoneos;
				SWIFT_COMPILATION_MODE = wholemodule;
				SWIFT_OPTIMIZATION_LEVEL = "-O";
				VALIDATE_PRODUCT = YES;
			};
			name = Release;
		};
		CD882F8C242E2D05008260D3 /* Debug */ = {
			isa = XCBuildConfiguration;
			buildSettings = {
				ASSETCATALOG_COMPILER_APPICON_NAME = AppIcon;
				CODE_SIGN_STYLE = Automatic;
				DEVELOPMENT_ASSET_PATHS = "\"DesignCode/Preview Content\"";
				DEVELOPMENT_TEAM = X2MV5VTDKZ;
				ENABLE_PREVIEWS = YES;
				INFOPLIST_FILE = DesignCode/Info.plist;
				LD_RUNPATH_SEARCH_PATHS = (
					"$(inherited)",
					"@executable_path/Frameworks",
				);
				MARKETING_VERSION = 1.0.0;
				PRODUCT_BUNDLE_IDENTIFIER = com.sunny.tree;
				PRODUCT_NAME = "$(TARGET_NAME)";
				SWIFT_VERSION = 5.0;
				TARGETED_DEVICE_FAMILY = "1,2";
			};
			name = Debug;
		};
		CD882F8D242E2D05008260D3 /* Release */ = {
			isa = XCBuildConfiguration;
			buildSettings = {
				ASSETCATALOG_COMPILER_APPICON_NAME = AppIcon;
				CODE_SIGN_STYLE = Automatic;
				DEVELOPMENT_ASSET_PATHS = "\"DesignCode/Preview Content\"";
				DEVELOPMENT_TEAM = X2MV5VTDKZ;
				ENABLE_PREVIEWS = YES;
				INFOPLIST_FILE = DesignCode/Info.plist;
				LD_RUNPATH_SEARCH_PATHS = (
					"$(inherited)",
					"@executable_path/Frameworks",
				);
				MARKETING_VERSION = 1.0.0;
				PRODUCT_BUNDLE_IDENTIFIER = com.sunny.tree;
				PRODUCT_NAME = "$(TARGET_NAME)";
				SWIFT_VERSION = 5.0;
				TARGETED_DEVICE_FAMILY = "1,2";
			};
			name = Release;
		};
/* End XCBuildConfiguration section */

/* Begin XCConfigurationList section */
		CD882F72242E2D04008260D3 /* Build configuration list for PBXProject "DesignCode" */ = {
			isa = XCConfigurationList;
			buildConfigurations = (
				CD882F89242E2D05008260D3 /* Debug */,
				CD882F8A242E2D05008260D3 /* Release */,
			);
			defaultConfigurationIsVisible = 0;
			defaultConfigurationName = Release;
		};
		CD882F8B242E2D05008260D3 /* Build configuration list for PBXNativeTarget "DesignCode" */ = {
			isa = XCConfigurationList;
			buildConfigurations = (
				CD882F8C242E2D05008260D3 /* Debug */,
				CD882F8D242E2D05008260D3 /* Release */,
			);
			defaultConfigurationIsVisible = 0;
			defaultConfigurationName = Release;
		};
/* End XCConfigurationList section */
	};
	rootObject = CD882F6F242E2D04008260D3 /* Project object */;
}
